
Microsoft Visual Studio Solution File, Format Version 12.00
# Visual Studio 15
VisualStudioVersion = 15.0.27130.2010
MinimumVisualStudioVersion = 10.0.40219.1
Project("{FAE04EC0-301F-11D3-BF4B-00C04F79EFBC}") = "MVC_QLKHO", "MVC_QLKHO\MVC_QLKHO.csproj", "{8C82F3DB-020F-4636-9C01-C7C31174967E}"
EndProject
Global
	GlobalSection(SolutionConfigurationPlatforms) = preSolution
		Debug|Any CPU = Debug|Any CPU
		Release|Any CPU = Release|Any CPU
	EndGlobalSection
	GlobalSection(ProjectConfigurationPlatforms) = postSolution
		{8C82F3DB-020F-4636-9C01-C7C31174967E}.Debug|Any CPU.ActiveCfg = Debug|Any CPU
		{8C82F3DB-020F-4636-9C01-C7C31174967E}.Debug|Any CPU.Build.0 = Debug|Any CPU
		{8C82F3DB-020F-4636-9C01-C7C31174967E}.Release|Any CPU.ActiveCfg = Release|Any CPU
		{8C82F3DB-020F-4636-9C01-C7C31174967E}.Release|Any CPU.Build.0 = Release|Any CPU
	EndGlobalSection
	GlobalSection(SolutionProperties) = preSolution
		HideSolutionNode = FALSE
	EndGlobalSection
	GlobalSection(ExtensibilityGlobals) = postSolution
		SolutionGuid = {BA8F9FE0-FA0D-45C2-96C2-4D23AD01AB5B}
	EndGlobalSection
EndGlobal
